
Microsoft Visual Studio Solution File, Format Version 12.00
# Visual Studio Version 17
VisualStudioVersion = 17.0.32112.339
MinimumVisualStudioVersion = 10.0.40219.1
Project("{FAE04EC0-301F-11D3-BF4B-00C04F79EFBC}") = "StudentDatabaseLab", "StudentDatabaseLab\StudentDatabaseLab.csproj", "{83B5DFF9-CB4B-4934-A734-33E18941080D}"
EndProject
Global
	GlobalSection(SolutionConfigurationPlatforms) = preSolution
		Debug|Any CPU = Debug|Any CPU
		Release|Any CPU = Release|Any CPU
	EndGlobalSection
	GlobalSection(ProjectConfigurationPlatforms) = postSolution
		{83B5DFF9-CB4B-4934-A734-33E18941080D}.Debug|Any CPU.ActiveCfg = Debug|Any CPU
		{83B5DFF9-CB4B-4934-A734-33E18941080D}.Debug|Any CPU.Build.0 = Debug|Any CPU
		{83B5DFF9-CB4B-4934-A734-33E18941080D}.Release|Any CPU.ActiveCfg = Release|Any CPU
		{83B5DFF9-CB4B-4934-A734-33E18941080D}.Release|Any CPU.Build.0 = Release|Any CPU
	EndGlobalSection
	GlobalSection(SolutionProperties) = preSolution
		HideSolutionNode = FALSE
	EndGlobalSection
	GlobalSection(ExtensibilityGlobals) = postSolution
		SolutionGuid = {8EBDE6D3-5DA0-4CE5-A90E-96FC7A7DAD14}
	EndGlobalSection
EndGlobal
